# The validated container images fabric runs (manual 1.14.2).
#
# Every image is pinned by its multi-arch index digest (amd64 + arm64): an
# upstream push never changes what a host runs. vars.yaml.j2 takes its
# image_* defaults from here, and `fabricctl images status/update` compares
# each host against this list. Later a watch-images workflow (planned,
# not in .github/workflows yet) proposes changes to this file after the
# regression suites pass.
#
#   track:  which new upstream tags may become candidates (a tag pattern
#           within one major/minor, or a floating tag whose digest moves)
#   policy: auto | manual (manual: frozen, the watcher only reports)
images:
  nginx:
    var: image_nginx
    repo: nginx
    tag: "1.30.5"
    digest: sha256:b972f831f200b19ef0767938224f9711e74cd783718738cd7405d5cabf75c442
    track: "1.30.*"                  # the stable branch
    policy: auto
  stepca:                            # base of fabric/stepca:local
    var: image_stepca
    repo: smallstep/step-ca
    tag: "0.30.2"
    digest: sha256:a2b17872915c193259b75a5474c398326f41bd199f0842093e52cf4182bc8270
    track: "0.30.*"
    policy: auto
  keycloak:                          # base of fabric/keycloak:local
    var: image_keycloak
    repo: keycloak/keycloak
    tag: "26.7.4"
    digest: sha256:82a77884f3af238beab1e7afd63b5f530e1b5c0590bd7aa60b40a40463e29b2c
    track: "26.*"
    policy: auto
  postgres:
    var: image_postgres
    repo: postgres
    tag: "18.6"
    digest: sha256:5a5a84b19854a9ffaa54082c166ff4ec27473a361e496e5ea167f298f2da9722
    track: "18.*"                    # a new major needs a data upgrade: never automatic
    policy: auto
  openbao:
    var: image_openbao
    repo: openbao/openbao
    tag: "2.7.0"
    digest: sha256:71156a1c6623a5fa3f5e61b0c6a8ead0faf0df29a778339188443551995d1315
    track: "2.7.*"
    policy: auto
  fluentbit:                         # optional: log forwarding (install_fluentbit)
    var: image_fluentbit
    repo: fluent/fluent-bit
    tag: "5.1.2"
    digest: sha256:d792375ca8e53be72fc25716c28f291f32c6fc6f4f31d12d0d14bc78cefe9226
    track: "5.1.*"
    policy: auto
  adguard:                           # optional: DNS filter in front of BIND (dns_filter: adguard)
    var: image_adguard
    repo: adguard/adguardhome
    tag: "v0.107.79"
    digest: sha256:aba9e3bf0613be3ba3755e1fc311b126e2c24bec25e18b6483894a88283074f0
    track: "v0.107.*"
    policy: auto
  oauth2proxy:                       # optional: OIDC sign-in in front of AdGuard's UI
    var: image_oauth2proxy
    repo: quay.io/oauth2-proxy/oauth2-proxy
    tag: "v7.15.5"
    digest: sha256:8498b0d0ef0a7b29686414000a08aee467f02d0299c9ed1e006a8f33fc017916
    track: "v7.15.*"
    policy: auto
  cosign:                            # verifies the signatures of fabric's published images (2.1.14.6, 2.1.14.11)
    var: image_cosign
    repo: ghcr.io/sigstore/cosign/cosign
    tag: "v3.0.6"
    digest: sha256:de9c65609e6bde17e6b48de485ee788407c9502fa08b8f4459f595b21f56cd00
    track: "v3.*"
    policy: manual                   # a verifier changes only by a reviewed decision
  debian:                            # base of fabric/bind9:local, fabric/web:local,
                                     # fabric/kea:local and fabric/freeradius:local
    var: image_debian
    repo: debian
    tag: trixie-slim
    digest: sha256:a99cfc517144bc59b1978475ec53b46ecabec7e43635402ee5b77cc54cd1b20a
    track: trixie-slim
    policy: auto

# fabric's own images, built and smoke tested in CI, signed and published (manual 1.14.3, 3.14.1; 2.1.1.21).
# An empty digest: not published yet, and hosts build that image themselves; it needs `pending` (why),
# which pin_published drops when it pins the image (the images suite refuses an unexplained gap). `ids` are the service
# account ids baked into the published image (the Dockerfile's defaults): a host whose
# service_users.<account> differ builds that image itself (2.1.14.5). `source` is the hash of what the published image was
# built from (scripts/images/source_hash.py): when its sources change, the image is unpinned and marked `pending` until it
# is published again; the images suite refuses a stale pin (2.1.14.13).
published:
  registry: ghcr.io/archdukejim/open-fabric
  # who may have signed them: this repository's images workflow, from main, an rc/ branch or a v tag (2.1.14.9)
  signer: ^https://github\.com/archdukejim/open-fabric/\.github/workflows/images\.yml@refs/(heads/main|heads/rc/.+|tags/v.+)$
  issuer: https://token.actions.githubusercontent.com
  images:
    adguard:    {var: image_fabric_adguard, tag: "0.6.3-rc.64", digest: "sha256:a3b2f4e6dd94ce31ec28b87734c7607c2851333a2f342a854c9be836da23e059", source: "sha256:f443da15acfe0717f70176119317ee78c4a9b8d22c0f45dcb54d25930128cec1"}
    bind9:      {var: image_fabric_bind9, tag: "0.6.3-rc.64", digest: "sha256:ecf6b4c2e327ea7e5e22cc1cc8280a6c3145c2f9d7c3ca10a976b92098de3851", source: "sha256:cfad6ca373441787e72ba1b7bb837f0f0d3f364274f2cfb4b72fd9cb3b34255a", account: bind, ids: "600:600"}
    freeradius: {var: image_fabric_freeradius, tag: "0.6.3-rc.64", digest: "sha256:116230ef60f1657221bf63f39473872c449e71f60b7131303c47fff3e3be5330", source: "sha256:d9dd93ddf40797b22c885f96e1663b65d7c99eee4898a90298ebe58e36969cbf", account: freeradius, ids: "610:610"}
    kea:        {var: image_fabric_kea, tag: "0.6.3-rc.64", digest: "sha256:a34644d26ac2708a95d94ef9753e3097ae3360f951094af305b7c630cef4162c", source: "sha256:78b1e088e11a51e67e1a04de84c174d7acefafafe7e080988c971c6e1bcb592a", account: kea, ids: "609:609"}
    keycloak:   {var: image_fabric_keycloak, tag: "0.6.3-rc.64", digest: "sha256:3960020673c91570df1a545540faa3ac5c8ae8c526a06e509257bfe58cca5f0a", source: "sha256:959fee075a7826341979c0d03be1041f3030429677424512af8d9af92a223f2c"}
    samba:      {var: image_fabric_samba, tag: "0.6.3-rc.64", digest: "sha256:a3a2e684b01cd29ad9a3afcfe57021b13b1195b93ce48873bcaef96eeba7fdf7", source: "sha256:bc9d2e8b51a78105d939031954ae237c63a1e5ca8b762f8545c8bbcf2e239af0", groups: "BIND_GID=600,RADIUS_GID=610"}
    stepca:     {var: image_fabric_stepca, tag: "0.6.3-rc.64", digest: "sha256:604df3205e916f9be1a720b7430574016f1ad1377f2f0f9b2662a1bd2fad2e7b", source: "sha256:c1cfad746580c5a98afc2a1268448efbdb2b610024d2e5adeda45db85175f20e"}
    webui:      {var: image_fabric_webui, tag: "0.6.3-rc.64", digest: "sha256:7ace53d6659c577e6667f62171d1254f2f5868606c49f23c8b17d9a0fbf4f795", source: "sha256:600113c57cf41abcc4e14acf30cf323fd24b1ab713611a2e1baea1df8c614aed", account: webui, ids: "606:606"}

# Packages installed into fabric's own images from an upstream's signed apt
# repository (not Debian's): the exact version and the signing key's
# fingerprint are pinned, so a rebuild gets exactly this (design 2.1.1.5).
packages:
  kea:                               # Kea DHCP 3.0 LTS (ISC); Debian trixie ships only 2.6
    version: "3.0.4-isc20260728182757"
    repo: https://dl.cloudsmith.io/public/isc/kea-3-0/deb/debian
    suite: trixie
    key_url: https://dl.cloudsmith.io/public/isc/kea-3-0/gpg.key
    key_fingerprint: 9DA570BB192211885E4EB280B16C44CD45514C3C
    track: "3.0.*"
    policy: auto
